
Microsoft Visual Studio Solution File, Format Version 12.00
# Visual Studio Version 17
VisualStudioVersion = 17.2.32616.157
MinimumVisualStudioVersion = 10.0.40219.1
Project("{9A19103F-16F7-4668-BE54-9A1E7A4F7556}") = "BRichards.Extension.String", "BRichards.Extension.String\BRichards.Extension.String.csproj", "{0B90A938-7D12-4072-88D3-FD9EC80D10B2}"
EndProject
Project("{9A19103F-16F7-4668-BE54-9A1E7A4F7556}") = "BRichards.Extension.Process", "BRichards.Extension.Process\BRichards.Extension.Process.csproj", "{30F05452-A817-4A9B-8790-6B2261399158}"
EndProject
Project("{9A19103F-16F7-4668-BE54-9A1E7A4F7556}") = "BRichards.Extension.Files", "BRichards.Extension.File\BRichards.Extension.Files.csproj", "{52A2FBFF-5616-4295-A2D1-9653556B8A6D}"
EndProject
Project("{9A19103F-16F7-4668-BE54-9A1E7A4F7556}") = "BRichards.Extension.Event", "BRichards.Extension.Event\BRichards.Extension.Event.csproj", "{549DFD82-3CC8-427F-BD44-70023D803F46}"
EndProject
Project("{9A19103F-16F7-4668-BE54-9A1E7A4F7556}") = "BRichards.Extension.ConsoleUtils", "BRichards.Extension.Console\BRichards.Extension.ConsoleUtils.csproj", "{BBDFAAD9-19E6-4BE7-AFB9-16623E25E863}"
EndProject
Project("{9A19103F-16F7-4668-BE54-9A1E7A4F7556}") = "BRichards.Extension.MVVM", "BRichards.Extension.MVVM\BRichards.Extension.MVVM.csproj", "{63F01CC0-C1D6-43CB-B19D-EEE48567CB52}"
EndProject
Project("{9A19103F-16F7-4668-BE54-9A1E7A4F7556}") = "BRichards.Extension.Services", "BRichards.Extension.Services\BRichards.Extension.Services.csproj", "{04D8744E-9906-41F3-A151-014B763E8666}"
EndProject
Project("{9A19103F-16F7-4668-BE54-9A1E7A4F7556}") = "BRichards.Extension.Units", "BRichards.Extension.Numbers\BRichards.Extension.Units.csproj", "{FBB5335C-AEEA-4380-AF9F-125F125C9672}"
EndProject
Project("{9A19103F-16F7-4668-BE54-9A1E7A4F7556}") = "BRichards.Extension.ResponseTypes", "BRichards.Extension.ResponseTypes\BRichards.Extension.ResponseTypes.csproj", "{B5E9AA88-EF34-42E3-A953-C287FE988B86}"
EndProject
Project("{9A19103F-16F7-4668-BE54-9A1E7A4F7556}") = "BRichards.Extension.Sql", "BRichards.Extension.Sql\BRichards.Extension.Sql.csproj", "{E74BC809-3DF3-410A-9FC6-F9FDCEBE6EF6}"
EndProject
Project("{9A19103F-16F7-4668-BE54-9A1E7A4F7556}") = "BRichards.Extension.Linq", "BRichards.Extension.Linq\BRichards.Extension.Linq.csproj", "{DC656B8A-FABF-46D0-B886-F1A830254495}"
EndProject
Project("{9A19103F-16F7-4668-BE54-9A1E7A4F7556}") = "BRichards.Extension.Dictionary", "BRichards.Extension.Dictionary\BRichards.Extension.Dictionary.csproj", "{1467E5FF-CDFD-4FA9-9DD8-FAB1E14CBEA9}"
EndProject
Project("{2150E333-8FDC-42A3-9474-1A3956D46DE8}") = "Solution Items", "Solution Items", "{F4B1962C-0264-4992-BCB0-38AF7AB53637}"
	ProjectSection(SolutionItems) = preProject
		.editorconfig = .editorconfig
	EndProjectSection
EndProject
Project("{9A19103F-16F7-4668-BE54-9A1E7A4F7556}") = "BRichards.Extension.Services.ServiceResponseController", "BRichards.Extension.Services.ServiceResponseController\BRichards.Extension.Services.ServiceResponseController.csproj", "{2756DA4F-DE66-4FC3-9EFD-706571C2F632}"
EndProject
Project("{9A19103F-16F7-4668-BE54-9A1E7A4F7556}") = "BRichards.Extension.Repositories", "BRichards.Extension.Repositories\BRichards.Extension.Repositories.csproj", "{350A4B3A-40B2-440D-8438-5352E8C3492F}"
EndProject
Project("{9A19103F-16F7-4668-BE54-9A1E7A4F7556}") = "BRichards.Extension.DateTimeUtils", "BRichards.Extension.DateTime\BRichards.Extension.DateTimeUtils.csproj", "{9C341D7A-4FC5-4FE9-A8DE-44756730EB2F}"
EndProject
Project("{9A19103F-16F7-4668-BE54-9A1E7A4F7556}") = "BRichards.Extension.Validation", "BRichards.Extension.Validation\BRichards.Extension.Validation.csproj", "{6153D7CC-F2E0-444C-9E4E-6B2ADAB35207}"
EndProject
Project("{9A19103F-16F7-4668-BE54-9A1E7A4F7556}") = "BRichards.Extension.Numerics", "BRichards.Extension.Numerics\BRichards.Extension.Numerics.csproj", "{66B452D6-CD28-45E2-8AA0-5C4ADC4FFC50}"
EndProject
Project("{9A19103F-16F7-4668-BE54-9A1E7A4F7556}") = "BRichards.Extension.Networking", "BRichards.Extension.Networking\BRichards.Extension.Networking.csproj", "{6BD3AB97-601D-4116-8B52-8BF271D8B2BB}"
EndProject
Project("{9A19103F-16F7-4668-BE54-9A1E7A4F7556}") = "BRichards.Extension.MinimalApi", "BRichards.Extension.MinimalApi\BRichards.Extension.MinimalApi.csproj", "{DC225B79-4193-4C76-BCA3-E0A1DAFD9C16}"
EndProject
Project("{2150E333-8FDC-42A3-9474-1A3956D46DE8}") = "AspNetCore", "AspNetCore", "{79B56387-2247-4E40-BBC2-74A8490ADDE3}"
EndProject
Project("{2150E333-8FDC-42A3-9474-1A3956D46DE8}") = "Services", "Services", "{920373E6-1654-438B-84F6-7CB99C5565ED}"
EndProject
Project("{2150E333-8FDC-42A3-9474-1A3956D46DE8}") = "Extension", "Extension", "{BCE0830B-FBA7-4C60-8017-89FDEE5A982A}"
EndProject
Project("{2150E333-8FDC-42A3-9474-1A3956D46DE8}") = "WPF", "WPF", "{419343E1-7B7C-4FF7-85E7-9518B834BB92}"
EndProject
Project("{2150E333-8FDC-42A3-9474-1A3956D46DE8}") = "Types", "Types", "{A7FD1A47-DC26-43AA-8DEE-DA07DA4B1979}"
EndProject
Project("{2150E333-8FDC-42A3-9474-1A3956D46DE8}") = "Console", "Console", "{A141FE4A-B49D-4688-A5E2-A1A78F9F7226}"
EndProject
Project("{2150E333-8FDC-42A3-9474-1A3956D46DE8}") = "Common", "Common", "{EB3E5F12-DBB9-4DDE-BD0B-0823648041B4}"
EndProject
Project("{2150E333-8FDC-42A3-9474-1A3956D46DE8}") = "Math", "Math", "{31A388DD-63E4-4765-8976-1A05F3C8C399}"
EndProject
Project("{9A19103F-16F7-4668-BE54-9A1E7A4F7556}") = "BRichards.Extension.Blazored.LocalStorage", "BRichards.Extension.Blazored.LocalStorage\BRichards.Extension.Blazored.LocalStorage.csproj", "{7EDAF5D2-9DCB-4CF0-BFFA-8E103B5FDF9D}"
EndProject
Global
	GlobalSection(SolutionConfigurationPlatforms) = preSolution
		Debug|Any CPU = Debug|Any CPU
		Release|Any CPU = Release|Any CPU
	EndGlobalSection
	GlobalSection(ProjectConfigurationPlatforms) = postSolution
		{0B90A938-7D12-4072-88D3-FD9EC80D10B2}.Debug|Any CPU.ActiveCfg = Debug|Any CPU
		{0B90A938-7D12-4072-88D3-FD9EC80D10B2}.Debug|Any CPU.Build.0 = Debug|Any CPU
		{0B90A938-7D12-4072-88D3-FD9EC80D10B2}.Release|Any CPU.ActiveCfg = Release|Any CPU
		{0B90A938-7D12-4072-88D3-FD9EC80D10B2}.Release|Any CPU.Build.0 = Release|Any CPU
		{30F05452-A817-4A9B-8790-6B2261399158}.Debug|Any CPU.ActiveCfg = Debug|Any CPU
		{30F05452-A817-4A9B-8790-6B2261399158}.Debug|Any CPU.Build.0 = Debug|Any CPU
		{30F05452-A817-4A9B-8790-6B2261399158}.Release|Any CPU.ActiveCfg = Release|Any CPU
		{30F05452-A817-4A9B-8790-6B2261399158}.Release|Any CPU.Build.0 = Release|Any CPU
		{52A2FBFF-5616-4295-A2D1-9653556B8A6D}.Debug|Any CPU.ActiveCfg = Debug|Any CPU
		{52A2FBFF-5616-4295-A2D1-9653556B8A6D}.Debug|Any CPU.Build.0 = Debug|Any CPU
		{52A2FBFF-5616-4295-A2D1-9653556B8A6D}.Release|Any CPU.ActiveCfg = Release|Any CPU
		{52A2FBFF-5616-4295-A2D1-9653556B8A6D}.Release|Any CPU.Build.0 = Release|Any CPU
		{549DFD82-3CC8-427F-BD44-70023D803F46}.Debug|Any CPU.ActiveCfg = Debug|Any CPU
		{549DFD82-3CC8-427F-BD44-70023D803F46}.Debug|Any CPU.Build.0 = Debug|Any CPU
		{549DFD82-3CC8-427F-BD44-70023D803F46}.Release|Any CPU.ActiveCfg = Release|Any CPU
		{549DFD82-3CC8-427F-BD44-70023D803F46}.Release|Any CPU.Build.0 = Release|Any CPU
		{BBDFAAD9-19E6-4BE7-AFB9-16623E25E863}.Debug|Any CPU.ActiveCfg = Debug|Any CPU
		{BBDFAAD9-19E6-4BE7-AFB9-16623E25E863}.Debug|Any CPU.Build.0 = Debug|Any CPU
		{BBDFAAD9-19E6-4BE7-AFB9-16623E25E863}.Release|Any CPU.ActiveCfg = Release|Any CPU
		{BBDFAAD9-19E6-4BE7-AFB9-16623E25E863}.Release|Any CPU.Build.0 = Release|Any CPU
		{63F01CC0-C1D6-43CB-B19D-EEE48567CB52}.Debug|Any CPU.ActiveCfg = Debug|Any CPU
		{63F01CC0-C1D6-43CB-B19D-EEE48567CB52}.Debug|Any CPU.Build.0 = Debug|Any CPU
		{63F01CC0-C1D6-43CB-B19D-EEE48567CB52}.Release|Any CPU.ActiveCfg = Release|Any CPU
		{63F01CC0-C1D6-43CB-B19D-EEE48567CB52}.Release|Any CPU.Build.0 = Release|Any CPU
		{04D8744E-9906-41F3-A151-014B763E8666}.Debug|Any CPU.ActiveCfg = Debug|Any CPU
		{04D8744E-9906-41F3-A151-014B763E8666}.Debug|Any CPU.Build.0 = Debug|Any CPU
		{04D8744E-9906-41F3-A151-014B763E8666}.Release|Any CPU.ActiveCfg = Release|Any CPU
		{04D8744E-9906-41F3-A151-014B763E8666}.Release|Any CPU.Build.0 = Release|Any CPU
		{FBB5335C-AEEA-4380-AF9F-125F125C9672}.Debug|Any CPU.ActiveCfg = Debug|Any CPU
		{FBB5335C-AEEA-4380-AF9F-125F125C9672}.Debug|Any CPU.Build.0 = Debug|Any CPU
		{FBB5335C-AEEA-4380-AF9F-125F125C9672}.Release|Any CPU.ActiveCfg = Release|Any CPU
		{FBB5335C-AEEA-4380-AF9F-125F125C9672}.Release|Any CPU.Build.0 = Release|Any CPU
		{B5E9AA88-EF34-42E3-A953-C287FE988B86}.Debug|Any CPU.ActiveCfg = Debug|Any CPU
		{B5E9AA88-EF34-42E3-A953-C287FE988B86}.Debug|Any CPU.Build.0 = Debug|Any CPU
		{B5E9AA88-EF34-42E3-A953-C287FE988B86}.Release|Any CPU.ActiveCfg = Release|Any CPU
		{B5E9AA88-EF34-42E3-A953-C287FE988B86}.Release|Any CPU.Build.0 = Release|Any CPU
		{E74BC809-3DF3-410A-9FC6-F9FDCEBE6EF6}.Debug|Any CPU.ActiveCfg = Debug|Any CPU
		{E74BC809-3DF3-410A-9FC6-F9FDCEBE6EF6}.Debug|Any CPU.Build.0 = Debug|Any CPU
		{E74BC809-3DF3-410A-9FC6-F9FDCEBE6EF6}.Release|Any CPU.ActiveCfg = Release|Any CPU
		{E74BC809-3DF3-410A-9FC6-F9FDCEBE6EF6}.Release|Any CPU.Build.0 = Release|Any CPU
		{DC656B8A-FABF-46D0-B886-F1A830254495}.Debug|Any CPU.ActiveCfg = Debug|Any CPU
		{DC656B8A-FABF-46D0-B886-F1A830254495}.Debug|Any CPU.Build.0 = Debug|Any CPU
		{DC656B8A-FABF-46D0-B886-F1A830254495}.Release|Any CPU.ActiveCfg = Release|Any CPU
		{DC656B8A-FABF-46D0-B886-F1A830254495}.Release|Any CPU.Build.0 = Release|Any CPU
		{1467E5FF-CDFD-4FA9-9DD8-FAB1E14CBEA9}.Debug|Any CPU.ActiveCfg = Debug|Any CPU
		{1467E5FF-CDFD-4FA9-9DD8-FAB1E14CBEA9}.Debug|Any CPU.Build.0 = Debug|Any CPU
		{1467E5FF-CDFD-4FA9-9DD8-FAB1E14CBEA9}.Release|Any CPU.ActiveCfg = Release|Any CPU
		{1467E5FF-CDFD-4FA9-9DD8-FAB1E14CBEA9}.Release|Any CPU.Build.0 = Release|Any CPU
		{2756DA4F-DE66-4FC3-9EFD-706571C2F632}.Debug|Any CPU.ActiveCfg = Debug|Any CPU
		{2756DA4F-DE66-4FC3-9EFD-706571C2F632}.Debug|Any CPU.Build.0 = Debug|Any CPU
		{2756DA4F-DE66-4FC3-9EFD-706571C2F632}.Release|Any CPU.ActiveCfg = Release|Any CPU
		{2756DA4F-DE66-4FC3-9EFD-706571C2F632}.Release|Any CPU.Build.0 = Release|Any CPU
		{350A4B3A-40B2-440D-8438-5352E8C3492F}.Debug|Any CPU.ActiveCfg = Debug|Any CPU
		{350A4B3A-40B2-440D-8438-5352E8C3492F}.Debug|Any CPU.Build.0 = Debug|Any CPU
		{350A4B3A-40B2-440D-8438-5352E8C3492F}.Release|Any CPU.ActiveCfg = Release|Any CPU
		{350A4B3A-40B2-440D-8438-5352E8C3492F}.Release|Any CPU.Build.0 = Release|Any CPU
		{9C341D7A-4FC5-4FE9-A8DE-44756730EB2F}.Debug|Any CPU.ActiveCfg = Debug|Any CPU
		{9C341D7A-4FC5-4FE9-A8DE-44756730EB2F}.Debug|Any CPU.Build.0 = Debug|Any CPU
		{9C341D7A-4FC5-4FE9-A8DE-44756730EB2F}.Release|Any CPU.ActiveCfg = Release|Any CPU
		{9C341D7A-4FC5-4FE9-A8DE-44756730EB2F}.Release|Any CPU.Build.0 = Release|Any CPU
		{6153D7CC-F2E0-444C-9E4E-6B2ADAB35207}.Debug|Any CPU.ActiveCfg = Debug|Any CPU
		{6153D7CC-F2E0-444C-9E4E-6B2ADAB35207}.Debug|Any CPU.Build.0 = Debug|Any CPU
		{6153D7CC-F2E0-444C-9E4E-6B2ADAB35207}.Release|Any CPU.ActiveCfg = Release|Any CPU
		{6153D7CC-F2E0-444C-9E4E-6B2ADAB35207}.Release|Any CPU.Build.0 = Release|Any CPU
		{66B452D6-CD28-45E2-8AA0-5C4ADC4FFC50}.Debug|Any CPU.ActiveCfg = Debug|Any CPU
		{66B452D6-CD28-45E2-8AA0-5C4ADC4FFC50}.Debug|Any CPU.Build.0 = Debug|Any CPU
		{66B452D6-CD28-45E2-8AA0-5C4ADC4FFC50}.Release|Any CPU.ActiveCfg = Release|Any CPU
		{66B452D6-CD28-45E2-8AA0-5C4ADC4FFC50}.Release|Any CPU.Build.0 = Release|Any CPU
		{6BD3AB97-601D-4116-8B52-8BF271D8B2BB}.Debug|Any CPU.ActiveCfg = Debug|Any CPU
		{6BD3AB97-601D-4116-8B52-8BF271D8B2BB}.Debug|Any CPU.Build.0 = Debug|Any CPU
		{6BD3AB97-601D-4116-8B52-8BF271D8B2BB}.Release|Any CPU.ActiveCfg = Release|Any CPU
		{6BD3AB97-601D-4116-8B52-8BF271D8B2BB}.Release|Any CPU.Build.0 = Release|Any CPU
		{DC225B79-4193-4C76-BCA3-E0A1DAFD9C16}.Debug|Any CPU.ActiveCfg = Debug|Any CPU
		{DC225B79-4193-4C76-BCA3-E0A1DAFD9C16}.Debug|Any CPU.Build.0 = Debug|Any CPU
		{DC225B79-4193-4C76-BCA3-E0A1DAFD9C16}.Release|Any CPU.ActiveCfg = Release|Any CPU
		{DC225B79-4193-4C76-BCA3-E0A1DAFD9C16}.Release|Any CPU.Build.0 = Release|Any CPU
		{7EDAF5D2-9DCB-4CF0-BFFA-8E103B5FDF9D}.Debug|Any CPU.ActiveCfg = Debug|Any CPU
		{7EDAF5D2-9DCB-4CF0-BFFA-8E103B5FDF9D}.Debug|Any CPU.Build.0 = Debug|Any CPU
		{7EDAF5D2-9DCB-4CF0-BFFA-8E103B5FDF9D}.Release|Any CPU.ActiveCfg = Release|Any CPU
		{7EDAF5D2-9DCB-4CF0-BFFA-8E103B5FDF9D}.Release|Any CPU.Build.0 = Release|Any CPU
	EndGlobalSection
	GlobalSection(SolutionProperties) = preSolution
		HideSolutionNode = FALSE
	EndGlobalSection
	GlobalSection(NestedProjects) = preSolution
		{0B90A938-7D12-4072-88D3-FD9EC80D10B2} = {A7FD1A47-DC26-43AA-8DEE-DA07DA4B1979}
		{30F05452-A817-4A9B-8790-6B2261399158} = {EB3E5F12-DBB9-4DDE-BD0B-0823648041B4}
		{52A2FBFF-5616-4295-A2D1-9653556B8A6D} = {EB3E5F12-DBB9-4DDE-BD0B-0823648041B4}
		{549DFD82-3CC8-427F-BD44-70023D803F46} = {A7FD1A47-DC26-43AA-8DEE-DA07DA4B1979}
		{BBDFAAD9-19E6-4BE7-AFB9-16623E25E863} = {A141FE4A-B49D-4688-A5E2-A1A78F9F7226}
		{63F01CC0-C1D6-43CB-B19D-EEE48567CB52} = {419343E1-7B7C-4FF7-85E7-9518B834BB92}
		{04D8744E-9906-41F3-A151-014B763E8666} = {920373E6-1654-438B-84F6-7CB99C5565ED}
		{FBB5335C-AEEA-4380-AF9F-125F125C9672} = {31A388DD-63E4-4765-8976-1A05F3C8C399}
		{B5E9AA88-EF34-42E3-A953-C287FE988B86} = {79B56387-2247-4E40-BBC2-74A8490ADDE3}
		{E74BC809-3DF3-410A-9FC6-F9FDCEBE6EF6} = {79B56387-2247-4E40-BBC2-74A8490ADDE3}
		{DC656B8A-FABF-46D0-B886-F1A830254495} = {EB3E5F12-DBB9-4DDE-BD0B-0823648041B4}
		{1467E5FF-CDFD-4FA9-9DD8-FAB1E14CBEA9} = {A7FD1A47-DC26-43AA-8DEE-DA07DA4B1979}
		{2756DA4F-DE66-4FC3-9EFD-706571C2F632} = {920373E6-1654-438B-84F6-7CB99C5565ED}
		{350A4B3A-40B2-440D-8438-5352E8C3492F} = {79B56387-2247-4E40-BBC2-74A8490ADDE3}
		{9C341D7A-4FC5-4FE9-A8DE-44756730EB2F} = {A7FD1A47-DC26-43AA-8DEE-DA07DA4B1979}
		{6153D7CC-F2E0-444C-9E4E-6B2ADAB35207} = {EB3E5F12-DBB9-4DDE-BD0B-0823648041B4}
		{66B452D6-CD28-45E2-8AA0-5C4ADC4FFC50} = {31A388DD-63E4-4765-8976-1A05F3C8C399}
		{6BD3AB97-601D-4116-8B52-8BF271D8B2BB} = {EB3E5F12-DBB9-4DDE-BD0B-0823648041B4}
		{DC225B79-4193-4C76-BCA3-E0A1DAFD9C16} = {79B56387-2247-4E40-BBC2-74A8490ADDE3}
		{79B56387-2247-4E40-BBC2-74A8490ADDE3} = {BCE0830B-FBA7-4C60-8017-89FDEE5A982A}
		{920373E6-1654-438B-84F6-7CB99C5565ED} = {79B56387-2247-4E40-BBC2-74A8490ADDE3}
		{419343E1-7B7C-4FF7-85E7-9518B834BB92} = {BCE0830B-FBA7-4C60-8017-89FDEE5A982A}
		{A7FD1A47-DC26-43AA-8DEE-DA07DA4B1979} = {BCE0830B-FBA7-4C60-8017-89FDEE5A982A}
		{A141FE4A-B49D-4688-A5E2-A1A78F9F7226} = {BCE0830B-FBA7-4C60-8017-89FDEE5A982A}
		{EB3E5F12-DBB9-4DDE-BD0B-0823648041B4} = {BCE0830B-FBA7-4C60-8017-89FDEE5A982A}
		{31A388DD-63E4-4765-8976-1A05F3C8C399} = {BCE0830B-FBA7-4C60-8017-89FDEE5A982A}
		{7EDAF5D2-9DCB-4CF0-BFFA-8E103B5FDF9D} = {79B56387-2247-4E40-BBC2-74A8490ADDE3}
	EndGlobalSection
	GlobalSection(ExtensibilityGlobals) = postSolution
		SolutionGuid = {05A2DB63-003B-42FA-9AB3-EAFDAB3CEB71}
	EndGlobalSection
EndGlobal
