
Microsoft Visual Studio Solution File, Format Version 12.00
# Visual Studio Version 17
VisualStudioVersion = 17.2.32616.157
MinimumVisualStudioVersion = 10.0.40219.1
Project("{9A19103F-16F7-4668-BE54-9A1E7A4F7556}") = "Linux1230.Helper.StringUtils", "Linux1230.Helper.String\Linux1230.Helper.StringUtils.csproj", "{0B90A938-7D12-4072-88D3-FD9EC80D10B2}"
EndProject
Project("{9A19103F-16F7-4668-BE54-9A1E7A4F7556}") = "Linux1230.Helper.ProcessUtils", "Linux1230.Helper.Process\Linux1230.Helper.ProcessUtils.csproj", "{30F05452-A817-4A9B-8790-6B2261399158}"
EndProject
Project("{9A19103F-16F7-4668-BE54-9A1E7A4F7556}") = "Linux1230.Helper.FileUtils", "Linux1230.Helper.File\Linux1230.Helper.FileUtils.csproj", "{52A2FBFF-5616-4295-A2D1-9653556B8A6D}"
EndProject
Project("{9A19103F-16F7-4668-BE54-9A1E7A4F7556}") = "Linux1230.Helper.EventUtils", "Linux1230.Helper.EventUtils\Linux1230.Helper.EventUtils.csproj", "{549DFD82-3CC8-427F-BD44-70023D803F46}"
EndProject
Project("{9A19103F-16F7-4668-BE54-9A1E7A4F7556}") = "Linux1230.Helper.ConsoleUtils", "Linux1230.Helper.ConsoleUtils\Linux1230.Helper.ConsoleUtils.csproj", "{BBDFAAD9-19E6-4BE7-AFB9-16623E25E863}"
EndProject
Project("{9A19103F-16F7-4668-BE54-9A1E7A4F7556}") = "Linux1230.Helper.MVVM", "Linux1230.Helper.MVVM\Linux1230.Helper.MVVM.csproj", "{63F01CC0-C1D6-43CB-B19D-EEE48567CB52}"
EndProject
Project("{9A19103F-16F7-4668-BE54-9A1E7A4F7556}") = "Linux1230.Helper.Services", "Linux1230.Helper.Services\Linux1230.Helper.Services.csproj", "{04D8744E-9906-41F3-A151-014B763E8666}"
EndProject
Project("{9A19103F-16F7-4668-BE54-9A1E7A4F7556}") = "Linux1230.Helper.Number", "Linux1230.Helper.Number\Linux1230.Helper.Number.csproj", "{FBB5335C-AEEA-4380-AF9F-125F125C9672}"
EndProject
Project("{9A19103F-16F7-4668-BE54-9A1E7A4F7556}") = "Linux1230.Helper.ResponseTypes", "Linux1230.Helper.ResponseTypes\Linux1230.Helper.ResponseTypes.csproj", "{B5E9AA88-EF34-42E3-A953-C287FE988B86}"
EndProject
Project("{9A19103F-16F7-4668-BE54-9A1E7A4F7556}") = "Linux1230.Helper.SQLUtils", "Linux1230.Helper.SQLUtils\Linux1230.Helper.SQLUtils.csproj", "{E74BC809-3DF3-410A-9FC6-F9FDCEBE6EF6}"
EndProject
Global
	GlobalSection(SolutionConfigurationPlatforms) = preSolution
		Debug|Any CPU = Debug|Any CPU
		Release|Any CPU = Release|Any CPU
	EndGlobalSection
	GlobalSection(ProjectConfigurationPlatforms) = postSolution
		{0B90A938-7D12-4072-88D3-FD9EC80D10B2}.Debug|Any CPU.ActiveCfg = Debug|Any CPU
		{0B90A938-7D12-4072-88D3-FD9EC80D10B2}.Debug|Any CPU.Build.0 = Debug|Any CPU
		{0B90A938-7D12-4072-88D3-FD9EC80D10B2}.Release|Any CPU.ActiveCfg = Release|Any CPU
		{0B90A938-7D12-4072-88D3-FD9EC80D10B2}.Release|Any CPU.Build.0 = Release|Any CPU
		{30F05452-A817-4A9B-8790-6B2261399158}.Debug|Any CPU.ActiveCfg = Debug|Any CPU
		{30F05452-A817-4A9B-8790-6B2261399158}.Debug|Any CPU.Build.0 = Debug|Any CPU
		{30F05452-A817-4A9B-8790-6B2261399158}.Release|Any CPU.ActiveCfg = Release|Any CPU
		{30F05452-A817-4A9B-8790-6B2261399158}.Release|Any CPU.Build.0 = Release|Any CPU
		{52A2FBFF-5616-4295-A2D1-9653556B8A6D}.Debug|Any CPU.ActiveCfg = Debug|Any CPU
		{52A2FBFF-5616-4295-A2D1-9653556B8A6D}.Debug|Any CPU.Build.0 = Debug|Any CPU
		{52A2FBFF-5616-4295-A2D1-9653556B8A6D}.Release|Any CPU.ActiveCfg = Release|Any CPU
		{52A2FBFF-5616-4295-A2D1-9653556B8A6D}.Release|Any CPU.Build.0 = Release|Any CPU
		{549DFD82-3CC8-427F-BD44-70023D803F46}.Debug|Any CPU.ActiveCfg = Debug|Any CPU
		{549DFD82-3CC8-427F-BD44-70023D803F46}.Debug|Any CPU.Build.0 = Debug|Any CPU
		{549DFD82-3CC8-427F-BD44-70023D803F46}.Release|Any CPU.ActiveCfg = Release|Any CPU
		{549DFD82-3CC8-427F-BD44-70023D803F46}.Release|Any CPU.Build.0 = Release|Any CPU
		{BBDFAAD9-19E6-4BE7-AFB9-16623E25E863}.Debug|Any CPU.ActiveCfg = Debug|Any CPU
		{BBDFAAD9-19E6-4BE7-AFB9-16623E25E863}.Debug|Any CPU.Build.0 = Debug|Any CPU
		{BBDFAAD9-19E6-4BE7-AFB9-16623E25E863}.Release|Any CPU.ActiveCfg = Release|Any CPU
		{BBDFAAD9-19E6-4BE7-AFB9-16623E25E863}.Release|Any CPU.Build.0 = Release|Any CPU
		{63F01CC0-C1D6-43CB-B19D-EEE48567CB52}.Debug|Any CPU.ActiveCfg = Debug|Any CPU
		{63F01CC0-C1D6-43CB-B19D-EEE48567CB52}.Debug|Any CPU.Build.0 = Debug|Any CPU
		{63F01CC0-C1D6-43CB-B19D-EEE48567CB52}.Release|Any CPU.ActiveCfg = Release|Any CPU
		{63F01CC0-C1D6-43CB-B19D-EEE48567CB52}.Release|Any CPU.Build.0 = Release|Any CPU
		{04D8744E-9906-41F3-A151-014B763E8666}.Debug|Any CPU.ActiveCfg = Debug|Any CPU
		{04D8744E-9906-41F3-A151-014B763E8666}.Debug|Any CPU.Build.0 = Debug|Any CPU
		{04D8744E-9906-41F3-A151-014B763E8666}.Release|Any CPU.ActiveCfg = Release|Any CPU
		{04D8744E-9906-41F3-A151-014B763E8666}.Release|Any CPU.Build.0 = Release|Any CPU
		{FBB5335C-AEEA-4380-AF9F-125F125C9672}.Debug|Any CPU.ActiveCfg = Debug|Any CPU
		{FBB5335C-AEEA-4380-AF9F-125F125C9672}.Debug|Any CPU.Build.0 = Debug|Any CPU
		{FBB5335C-AEEA-4380-AF9F-125F125C9672}.Release|Any CPU.ActiveCfg = Release|Any CPU
		{FBB5335C-AEEA-4380-AF9F-125F125C9672}.Release|Any CPU.Build.0 = Release|Any CPU
		{B5E9AA88-EF34-42E3-A953-C287FE988B86}.Debug|Any CPU.ActiveCfg = Debug|Any CPU
		{B5E9AA88-EF34-42E3-A953-C287FE988B86}.Debug|Any CPU.Build.0 = Debug|Any CPU
		{B5E9AA88-EF34-42E3-A953-C287FE988B86}.Release|Any CPU.ActiveCfg = Release|Any CPU
		{B5E9AA88-EF34-42E3-A953-C287FE988B86}.Release|Any CPU.Build.0 = Release|Any CPU
		{E74BC809-3DF3-410A-9FC6-F9FDCEBE6EF6}.Debug|Any CPU.ActiveCfg = Debug|Any CPU
		{E74BC809-3DF3-410A-9FC6-F9FDCEBE6EF6}.Debug|Any CPU.Build.0 = Debug|Any CPU
		{E74BC809-3DF3-410A-9FC6-F9FDCEBE6EF6}.Release|Any CPU.ActiveCfg = Release|Any CPU
		{E74BC809-3DF3-410A-9FC6-F9FDCEBE6EF6}.Release|Any CPU.Build.0 = Release|Any CPU
	EndGlobalSection
	GlobalSection(SolutionProperties) = preSolution
		HideSolutionNode = FALSE
	EndGlobalSection
	GlobalSection(ExtensibilityGlobals) = postSolution
		SolutionGuid = {05A2DB63-003B-42FA-9AB3-EAFDAB3CEB71}
	EndGlobalSection
EndGlobal
